// !$*UTF8*$!
{
	archiveVersion = 1;
	classes = {
	};
	objectVersion = 46;
	objects = {

/* Begin PBXBuildFile section */
		EF51842318FC616400656856 /* Foundation.framework in Frameworks */ = {isa = PBXBuildFile; fileRef = EF51842218FC616400656856 /* Foundation.framework */; };
		EF51842518FC616400656856 /* CoreGraphics.framework in Frameworks */ = {isa = PBXBuildFile; fileRef = EF51842418FC616400656856 /* CoreGraphics.framework */; };
		EF51842718FC616400656856 /* UIKit.framework in Frameworks */ = {isa = PBXBuildFile; fileRef = EF51842618FC616400656856 /* UIKit.framework */; };
		EF51842D18FC616400656856 /* InfoPlist.strings in Resources */ = {isa = PBXBuildFile; fileRef = EF51842B18FC616400656856 /* InfoPlist.strings */; };
		EF51842F18FC616400656856 /* main.m in Sources */ = {isa = PBXBuildFile; fileRef = EF51842E18FC616400656856 /* main.m */; };
		EF51843318FC616400656856 /* Quiz8AppDelegate.m in Sources */ = {isa = PBXBuildFile; fileRef = EF51843218FC616400656856 /* Quiz8AppDelegate.m */; };
		EF51843618FC616400656856 /* Main.storyboard in Resources */ = {isa = PBXBuildFile; fileRef = EF51843418FC616400656856 /* Main.storyboard */; };
		EF51843918FC616400656856 /* Quiz8ViewController.m in Sources */ = {isa = PBXBuildFile; fileRef = EF51843818FC616400656856 /* Quiz8ViewController.m */; };
		EF51843B18FC616400656856 /* Images.xcassets in Resources */ = {isa = PBXBuildFile; fileRef = EF51843A18FC616400656856 /* Images.xcassets */; };
		EF51844218FC616400656856 /* XCTest.framework in Frameworks */ = {isa = PBXBuildFile; fileRef = EF51844118FC616400656856 /* XCTest.framework */; };
		EF51844318FC616400656856 /* Foundation.framework in Frameworks */ = {isa = PBXBuildFile; fileRef = EF51842218FC616400656856 /* Foundation.framework */; };
		EF51844418FC616400656856 /* UIKit.framework in Frameworks */ = {isa = PBXBuildFile; fileRef = EF51842618FC616400656856 /* UIKit.framework */; };
		EF51844C18FC616400656856 /* InfoPlist.strings in Resources */ = {isa = PBXBuildFile; fileRef = EF51844A18FC616400656856 /* InfoPlist.strings */; };
		EF51844E18FC616400656856 /* Quiz8Tests.m in Sources */ = {isa = PBXBuildFile; fileRef = EF51844D18FC616400656856 /* Quiz8Tests.m */; };
/* End PBXBuildFile section */

/* Begin PBXContainerItemProxy section */
		EF51844518FC616400656856 /* PBXContainerItemProxy */ = {
			isa = PBXContainerItemProxy;
			containerPortal = EF51841718FC616400656856 /* Project object */;
			proxyType = 1;
			remoteGlobalIDString = EF51841E18FC616400656856;
			remoteInfo = Quiz8;
		};
/* End PBXContainerItemProxy section */

/* Begin PBXFileReference section */
		EF51841F18FC616400656856 /* Quiz8.app */ = {isa = PBXFileReference; explicitFileType = wrapper.application; includeInIndex = 0; path = Quiz8.app; sourceTree = BUILT_PRODUCTS_DIR; };
		EF51842218FC616400656856 /* Foundation.framework */ = {isa = PBXFileReference; lastKnownFileType = wrapper.framework; name = Foundation.framework; path = System/Library/Frameworks/Foundation.framework; sourceTree = SDKROOT; };
		EF51842418FC616400656856 /* CoreGraphics.framework */ = {isa = PBXFileReference; lastKnownFileType = wrapper.framework; name = CoreGraphics.framework; path = System/Library/Frameworks/CoreGraphics.framework; sourceTree = SDKROOT; };
		EF51842618FC616400656856 /* UIKit.framework */ = {isa = PBXFileReference; lastKnownFileType = wrapper.framework; name = UIKit.framework; path = System/Library/Frameworks/UIKit.framework; sourceTree = SDKROOT; };
		EF51842A18FC616400656856 /* Quiz8-Info.plist */ = {isa = PBXFileReference; lastKnownFileType = text.plist.xml; path = "Quiz8-Info.plist"; sourceTree = "<group>"; };
		EF51842C18FC616400656856 /* en */ = {isa = PBXFileReference; lastKnownFileType = text.plist.strings; name = en; path = en.lproj/InfoPlist.strings; sourceTree = "<group>"; };
		EF51842E18FC616400656856 /* main.m */ = {isa = PBXFileReference; lastKnownFileType = sourcecode.c.objc; path = main.m; sourceTree = "<group>"; };
		EF51843018FC616400656856 /* Quiz8-Prefix.pch */ = {isa = PBXFileReference; lastKnownFileType = sourcecode.c.h; path = "Quiz8-Prefix.pch"; sourceTree = "<group>"; };
		EF51843118FC616400656856 /* Quiz8AppDelegate.h */ = {isa = PBXFileReference; lastKnownFileType = sourcecode.c.h; path = Quiz8AppDelegate.h; sourceTree = "<group>"; };
		EF51843218FC616400656856 /* Quiz8AppDelegate.m */ = {isa = PBXFileReference; lastKnownFileType = sourcecode.c.objc; path = Quiz8AppDelegate.m; sourceTree = "<group>"; };
		EF51843518FC616400656856 /* Base */ = {isa = PBXFileReference; lastKnownFileType = file.storyboard; name = Base; path = Base.lproj/Main.storyboard; sourceTree = "<group>"; };
		EF51843718FC616400656856 /* Quiz8ViewController.h */ = {isa = PBXFileReference; lastKnownFileType = sourcecode.c.h; path = Quiz8ViewController.h; sourceTree = "<group>"; };
		EF51843818FC616400656856 /* Quiz8ViewController.m */ = {isa = PBXFileReference; lastKnownFileType = sourcecode.c.objc; path = Quiz8ViewController.m; sourceTree = "<group>"; };
		EF51843A18FC616400656856 /* Images.xcassets */ = {isa = PBXFileReference; lastKnownFileType = folder.assetcatalog; path = Images.xcassets; sourceTree = "<group>"; };
		EF51844018FC616400656856 /* Quiz8Tests.xctest */ = {isa = PBXFileReference; explicitFileType = wrapper.cfbundle; includeInIndex = 0; path = Quiz8Tests.xctest; sourceTree = BUILT_PRODUCTS_DIR; };
		EF51844118FC616400656856 /* XCTest.framework */ = {isa = PBXFileReference; lastKnownFileType = wrapper.framework; name = XCTest.framework; path = Library/Frameworks/XCTest.framework; sourceTree = DEVELOPER_DIR; };
		EF51844918FC616400656856 /* Quiz8Tests-Info.plist */ = {isa = PBXFileReference; lastKnownFileType = text.plist.xml; path = "Quiz8Tests-Info.plist"; sourceTree = "<group>"; };
		EF51844B18FC616400656856 /* en */ = {isa = PBXFileReference; lastKnownFileType = text.plist.strings; name = en; path = en.lproj/InfoPlist.strings; sourceTree = "<group>"; };
		EF51844D18FC616400656856 /* Quiz8Tests.m */ = {isa = PBXFileReference; lastKnownFileType = sourcecode.c.objc; path = Quiz8Tests.m; sourceTree = "<group>"; };
/* End PBXFileReference section */

/* Begin PBXFrameworksBuildPhase section */
		EF51841C18FC616400656856 /* Frameworks */ = {
			isa = PBXFrameworksBuildPhase;
			buildActionMask = 2147483647;
			files = (
				EF51842518FC616400656856 /* CoreGraphics.framework in Frameworks */,
				EF51842718FC616400656856 /* UIKit.framework in Frameworks */,
				EF51842318FC616400656856 /* Foundation.framework in Frameworks */,
			);
			runOnlyForDeploymentPostprocessing = 0;
		};
		EF51843D18FC616400656856 /* Frameworks */ = {
			isa = PBXFrameworksBuildPhase;
			buildActionMask = 2147483647;
			files = (
				EF51844218FC616400656856 /* XCTest.framework in Frameworks */,
				EF51844418FC616400656856 /* UIKit.framework in Frameworks */,
				EF51844318FC616400656856 /* Foundation.framework in Frameworks */,
			);
			runOnlyForDeploymentPostprocessing = 0;
		};
/* End PBXFrameworksBuildPhase section */

/* Begin PBXGroup section */
		EF51841618FC616400656856 = {
			isa = PBXGroup;
			children = (
				EF51842818FC616400656856 /* Quiz8 */,
				EF51844718FC616400656856 /* Quiz8Tests */,
				EF51842118FC616400656856 /* Frameworks */,
				EF51842018FC616400656856 /* Products */,
			);
			sourceTree = "<group>";
		};
		EF51842018FC616400656856 /* Products */ = {
			isa = PBXGroup;
			children = (
				EF51841F18FC616400656856 /* Quiz8.app */,
				EF51844018FC616400656856 /* Quiz8Tests.xctest */,
			);
			name = Products;
			sourceTree = "<group>";
		};
		EF51842118FC616400656856 /* Frameworks */ = {
			isa = PBXGroup;
			children = (
				EF51842218FC616400656856 /* Foundation.framework */,
				EF51842418FC616400656856 /* CoreGraphics.framework */,
				EF51842618FC616400656856 /* UIKit.framework */,
				EF51844118FC616400656856 /* XCTest.framework */,
			);
			name = Frameworks;
			sourceTree = "<group>";
		};
		EF51842818FC616400656856 /* Quiz8 */ = {
			isa = PBXGroup;
			children = (
				EF51843118FC616400656856 /* Quiz8AppDelegate.h */,
				EF51843218FC616400656856 /* Quiz8AppDelegate.m */,
				EF51843418FC616400656856 /* Main.storyboard */,
				EF51843718FC616400656856 /* Quiz8ViewController.h */,
				EF51843818FC616400656856 /* Quiz8ViewController.m */,
				EF51843A18FC616400656856 /* Images.xcassets */,
				EF51842918FC616400656856 /* Supporting Files */,
			);
			path = Quiz8;
			sourceTree = "<group>";
		};
		EF51842918FC616400656856 /* Supporting Files */ = {
			isa = PBXGroup;
			children = (
				EF51842A18FC616400656856 /* Quiz8-Info.plist */,
				EF51842B18FC616400656856 /* InfoPlist.strings */,
				EF51842E18FC616400656856 /* main.m */,
				EF51843018FC616400656856 /* Quiz8-Prefix.pch */,
			);
			name = "Supporting Files";
			sourceTree = "<group>";
		};
		EF51844718FC616400656856 /* Quiz8Tests */ = {
			isa = PBXGroup;
			children = (
				EF51844D18FC616400656856 /* Quiz8Tests.m */,
				EF51844818FC616400656856 /* Supporting Files */,
			);
			path = Quiz8Tests;
			sourceTree = "<group>";
		};
		EF51844818FC616400656856 /* Supporting Files */ = {
			isa = PBXGroup;
			children = (
				EF51844918FC616400656856 /* Quiz8Tests-Info.plist */,
				EF51844A18FC616400656856 /* InfoPlist.strings */,
			);
			name = "Supporting Files";
			sourceTree = "<group>";
		};
/* End PBXGroup section */

/* Begin PBXNativeTarget section */
		EF51841E18FC616400656856 /* Quiz8 */ = {
			isa = PBXNativeTarget;
			buildConfigurationList = EF51845118FC616400656856 /* Build configuration list for PBXNativeTarget "Quiz8" */;
			buildPhases = (
				EF51841B18FC616400656856 /* Sources */,
				EF51841C18FC616400656856 /* Frameworks */,
				EF51841D18FC616400656856 /* Resources */,
			);
			buildRules = (
			);
			dependencies = (
			);
			name = Quiz8;
			productName = Quiz8;
			productReference = EF51841F18FC616400656856 /* Quiz8.app */;
			productType = "com.apple.product-type.application";
		};
		EF51843F18FC616400656856 /* Quiz8Tests */ = {
			isa = PBXNativeTarget;
			buildConfigurationList = EF51845418FC616400656856 /* Build configuration list for PBXNativeTarget "Quiz8Tests" */;
			buildPhases = (
				EF51843C18FC616400656856 /* Sources */,
				EF51843D18FC616400656856 /* Frameworks */,
				EF51843E18FC616400656856 /* Resources */,
			);
			buildRules = (
			);
			dependencies = (
				EF51844618FC616400656856 /* PBXTargetDependency */,
			);
			name = Quiz8Tests;
			productName = Quiz8Tests;
			productReference = EF51844018FC616400656856 /* Quiz8Tests.xctest */;
			productType = "com.apple.product-type.bundle.unit-test";
		};
/* End PBXNativeTarget section */

/* Begin PBXProject section */
		EF51841718FC616400656856 /* Project object */ = {
			isa = PBXProject;
			attributes = {
				CLASSPREFIX = Quiz8;
				LastUpgradeCheck = 0510;
				ORGANIZATIONNAME = "Moser, Wesley";
				TargetAttributes = {
					EF51843F18FC616400656856 = {
						TestTargetID = EF51841E18FC616400656856;
					};
				};
			};
			buildConfigurationList = EF51841A18FC616400656856 /* Build configuration list for PBXProject "Quiz8" */;
			compatibilityVersion = "Xcode 3.2";
			developmentRegion = English;
			hasScannedForEncodings = 0;
			knownRegions = (
				en,
				Base,
			);
			mainGroup = EF51841618FC616400656856;
			productRefGroup = EF51842018FC616400656856 /* Products */;
			projectDirPath = "";
			projectRoot = "";
			targets = (
				EF51841E18FC616400656856 /* Quiz8 */,
				EF51843F18FC616400656856 /* Quiz8Tests */,
			);
		};
/* End PBXProject section */

/* Begin PBXResourcesBuildPhase section */
		EF51841D18FC616400656856 /* Resources */ = {
			isa = PBXResourcesBuildPhase;
			buildActionMask = 2147483647;
			files = (
				EF51843B18FC616400656856 /* Images.xcassets in Resources */,
				EF51842D18FC616400656856 /* InfoPlist.strings in Resources */,
				EF51843618FC616400656856 /* Main.storyboard in Resources */,
			);
			runOnlyForDeploymentPostprocessing = 0;
		};
		EF51843E18FC616400656856 /* Resources */ = {
			isa = PBXResourcesBuildPhase;
			buildActionMask = 2147483647;
			files = (
				EF51844C18FC616400656856 /* InfoPlist.strings in Resources */,
			);
			runOnlyForDeploymentPostprocessing = 0;
		};
/* End PBXResourcesBuildPhase section */

/* Begin PBXSourcesBuildPhase section */
		EF51841B18FC616400656856 /* Sources */ = {
			isa = PBXSourcesBuildPhase;
			buildActionMask = 2147483647;
			files = (
				EF51843318FC616400656856 /* Quiz8AppDelegate.m in Sources */,
				EF51842F18FC616400656856 /* main.m in Sources */,
				EF51843918FC616400656856 /* Quiz8ViewController.m in Sources */,
			);
			runOnlyForDeploymentPostprocessing = 0;
		};
		EF51843C18FC616400656856 /* Sources */ = {
			isa = PBXSourcesBuildPhase;
			buildActionMask = 2147483647;
			files = (
				EF51844E18FC616400656856 /* Quiz8Tests.m in Sources */,
			);
			runOnlyForDeploymentPostprocessing = 0;
		};
/* End PBXSourcesBuildPhase section */

/* Begin PBXTargetDependency section */
		EF51844618FC616400656856 /* PBXTargetDependency */ = {
			isa = PBXTargetDependency;
			target = EF51841E18FC616400656856 /* Quiz8 */;
			targetProxy = EF51844518FC616400656856 /* PBXContainerItemProxy */;
		};
/* End PBXTargetDependency section */

/* Begin PBXVariantGroup section */
		EF51842B18FC616400656856 /* InfoPlist.strings */ = {
			isa = PBXVariantGroup;
			children = (
				EF51842C18FC616400656856 /* en */,
			);
			name = InfoPlist.strings;
			sourceTree = "<group>";
		};
		EF51843418FC616400656856 /* Main.storyboard */ = {
			isa = PBXVariantGroup;
			children = (
				EF51843518FC616400656856 /* Base */,
			);
			name = Main.storyboard;
			sourceTree = "<group>";
		};
		EF51844A18FC616400656856 /* InfoPlist.strings */ = {
			isa = PBXVariantGroup;
			children = (
				EF51844B18FC616400656856 /* en */,
			);
			name = InfoPlist.strings;
			sourceTree = "<group>";
		};
/* End PBXVariantGroup section */

/* Begin XCBuildConfiguration section */
		EF51844F18FC616400656856 /* Debug */ = {
			isa = XCBuildConfiguration;
			buildSettings = {
				ALWAYS_SEARCH_USER_PATHS = NO;
				CLANG_CXX_LANGUAGE_STANDARD = "gnu++0x";
				CLANG_CXX_LIBRARY = "libc++";
				CLANG_ENABLE_MODULES = YES;
				CLANG_ENABLE_OBJC_ARC = YES;
				CLANG_WARN_BOOL_CONVERSION = YES;
				CLANG_WARN_CONSTANT_CONVERSION = YES;
				CLANG_WARN_DIRECT_OBJC_ISA_USAGE = YES_ERROR;
				CLANG_WARN_EMPTY_BODY = YES;
				CLANG_WARN_ENUM_CONVERSION = YES;
				CLANG_WARN_INT_CONVERSION = YES;
				CLANG_WARN_OBJC_ROOT_CLASS = YES_ERROR;
				CLANG_WARN__DUPLICATE_METHOD_MATCH = YES;
				"CODE_SIGN_IDENTITY[sdk=iphoneos*]" = "iPhone Developer";
				COPY_PHASE_STRIP = NO;
				GCC_C_LANGUAGE_STANDARD = gnu99;
				GCC_DYNAMIC_NO_PIC = NO;
				GCC_OPTIMIZATION_LEVEL = 0;
				GCC_PREPROCESSOR_DEFINITIONS = (
					"DEBUG=1",
					"$(inherited)",
				);
				GCC_SYMBOLS_PRIVATE_EXTERN = NO;
				GCC_WARN_64_TO_32_BIT_CONVERSION = YES;
				GCC_WARN_ABOUT_RETURN_TYPE = YES_ERROR;
				GCC_WARN_UNDECLARED_SELECTOR = YES;
				GCC_WARN_UNINITIALIZED_AUTOS = YES_AGGRESSIVE;
				GCC_WARN_UNUSED_FUNCTION = YES;
				GCC_WARN_UNUSED_VARIABLE = YES;
				IPHONEOS_DEPLOYMENT_TARGET = 7.1;
				ONLY_ACTIVE_ARCH = YES;
				SDKROOT = iphoneos;
			};
			name = Debug;
		};
		EF51845018FC616400656856 /* Release */ = {
			isa = XCBuildConfiguration;
			buildSettings = {
				ALWAYS_SEARCH_USER_PATHS = NO;
				CLANG_CXX_LANGUAGE_STANDARD = "gnu++0x";
				CLANG_CXX_LIBRARY = "libc++";
				CLANG_ENABLE_MODULES = YES;
				CLANG_ENABLE_OBJC_ARC = YES;
				CLANG_WARN_BOOL_CONVERSION = YES;
				CLANG_WARN_CONSTANT_CONVERSION = YES;
				CLANG_WARN_DIRECT_OBJC_ISA_USAGE = YES_ERROR;
				CLANG_WARN_EMPTY_BODY = YES;
				CLANG_WARN_ENUM_CONVERSION = YES;
				CLANG_WARN_INT_CONVERSION = YES;
				CLANG_WARN_OBJC_ROOT_CLASS = YES_ERROR;
				CLANG_WARN__DUPLICATE_METHOD_MATCH = YES;
				"CODE_SIGN_IDENTITY[sdk=iphoneos*]" = "iPhone Developer";
				COPY_PHASE_STRIP = YES;
				ENABLE_NS_ASSERTIONS = NO;
				GCC_C_LANGUAGE_STANDARD = gnu99;
				GCC_WARN_64_TO_32_BIT_CONVERSION = YES;
				GCC_WARN_ABOUT_RETURN_TYPE = YES_ERROR;
				GCC_WARN_UNDECLARED_SELECTOR = YES;
				GCC_WARN_UNINITIALIZED_AUTOS = YES_AGGRESSIVE;
				GCC_WARN_UNUSED_FUNCTION = YES;
				GCC_WARN_UNUSED_VARIABLE = YES;
				IPHONEOS_DEPLOYMENT_TARGET = 7.1;
				SDKROOT = iphoneos;
				VALIDATE_PRODUCT = YES;
			};
			name = Release;
		};
		EF51845218FC616400656856 /* Debug */ = {
			isa = XCBuildConfiguration;
			buildSettings = {
				ASSETCATALOG_COMPILER_APPICON_NAME = AppIcon;
				ASSETCATALOG_COMPILER_LAUNCHIMAGE_NAME = LaunchImage;
				GCC_PRECOMPILE_PREFIX_HEADER = YES;
				GCC_PREFIX_HEADER = "Quiz8/Quiz8-Prefix.pch";
				INFOPLIST_FILE = "Quiz8/Quiz8-Info.plist";
				PRODUCT_NAME = "$(TARGET_NAME)";
				WRAPPER_EXTENSION = app;
			};
			name = Debug;
		};
		EF51845318FC616400656856 /* Release */ = {
			isa = XCBuildConfiguration;
			buildSettings = {
				ASSETCATALOG_COMPILER_APPICON_NAME = AppIcon;
				ASSETCATALOG_COMPILER_LAUNCHIMAGE_NAME = LaunchImage;
				GCC_PRECOMPILE_PREFIX_HEADER = YES;
				GCC_PREFIX_HEADER = "Quiz8/Quiz8-Prefix.pch";
				INFOPLIST_FILE = "Quiz8/Quiz8-Info.plist";
				PRODUCT_NAME = "$(TARGET_NAME)";
				WRAPPER_EXTENSION = app;
			};
			name = Release;
		};
		EF51845518FC616400656856 /* Debug */ = {
			isa = XCBuildConfiguration;
			buildSettings = {
				BUNDLE_LOADER = "$(BUILT_PRODUCTS_DIR)/Quiz8.app/Quiz8";
				FRAMEWORK_SEARCH_PATHS = (
					"$(SDKROOT)/Developer/Library/Frameworks",
					"$(inherited)",
					"$(DEVELOPER_FRAMEWORKS_DIR)",
				);
				GCC_PRECOMPILE_PREFIX_HEADER = YES;
				GCC_PREFIX_HEADER = "Quiz8/Quiz8-Prefix.pch";
				GCC_PREPROCESSOR_DEFINITIONS = (
					"DEBUG=1",
					"$(inherited)",
				);
				INFOPLIST_FILE = "Quiz8Tests/Quiz8Tests-Info.plist";
				PRODUCT_NAME = "$(TARGET_NAME)";
				TEST_HOST = "$(BUNDLE_LOADER)";
				WRAPPER_EXTENSION = xctest;
			};
			name = Debug;
		};
		EF51845618FC616400656856 /* Release */ = {
			isa = XCBuildConfiguration;
			buildSettings = {
				BUNDLE_LOADER = "$(BUILT_PRODUCTS_DIR)/Quiz8.app/Quiz8";
				FRAMEWORK_SEARCH_PATHS = (
					"$(SDKROOT)/Developer/Library/Frameworks",
					"$(inherited)",
					"$(DEVELOPER_FRAMEWORKS_DIR)",
				);
				GCC_PRECOMPILE_PREFIX_HEADER = YES;
				GCC_PREFIX_HEADER = "Quiz8/Quiz8-Prefix.pch";
				INFOPLIST_FILE = "Quiz8Tests/Quiz8Tests-Info.plist";
				PRODUCT_NAME = "$(TARGET_NAME)";
				TEST_HOST = "$(BUNDLE_LOADER)";
				WRAPPER_EXTENSION = xctest;
			};
			name = Release;
		};
/* End XCBuildConfiguration section */

/* Begin XCConfigurationList section */
		EF51841A18FC616400656856 /* Build configuration list for PBXProject "Quiz8" */ = {
			isa = XCConfigurationList;
			buildConfigurations = (
				EF51844F18FC616400656856 /* Debug */,
				EF51845018FC616400656856 /* Release */,
			);
			defaultConfigurationIsVisible = 0;
			defaultConfigurationName = Release;
		};
		EF51845118FC616400656856 /* Build configuration list for PBXNativeTarget "Quiz8" */ = {
			isa = XCConfigurationList;
			buildConfigurations = (
				EF51845218FC616400656856 /* Debug */,
				EF51845318FC616400656856 /* Release */,
			);
			defaultConfigurationIsVisible = 0;
		};
		EF51845418FC616400656856 /* Build configuration list for PBXNativeTarget "Quiz8Tests" */ = {
			isa = XCConfigurationList;
			buildConfigurations = (
				EF51845518FC616400656856 /* Debug */,
				EF51845618FC616400656856 /* Release */,
			);
			defaultConfigurationIsVisible = 0;
		};
/* End XCConfigurationList section */
	};
	rootObject = EF51841718FC616400656856 /* Project object */;
}
